
Microsoft Visual Studio Solution File, Format Version 12.00
# Visual Studio Version 17
VisualStudioVersion = 17.13.35828.75 d17.13
MinimumVisualStudioVersion = 10.0.40219.1
Project("{FAE04EC0-301F-11D3-BF4B-00C04F79EFBC}") = "WebApplication1", "WebApplication1.csproj", "{BAC8EC46-049C-4886-9A4A-E46545B5714F}"
EndProject
Global
	GlobalSection(SolutionConfigurationPlatforms) = preSolution
		Debug|Any CPU = Debug|Any CPU
		Release|Any CPU = Release|Any CPU
	EndGlobalSection
	GlobalSection(ProjectConfigurationPlatforms) = postSolution
		{BAC8EC46-049C-4886-9A4A-E46545B5714F}.Debug|Any CPU.ActiveCfg = Debug|Any CPU
		{BAC8EC46-049C-4886-9A4A-E46545B5714F}.Debug|Any CPU.Build.0 = Debug|Any CPU
		{BAC8EC46-049C-4886-9A4A-E46545B5714F}.Release|Any CPU.ActiveCfg = Release|Any CPU
		{BAC8EC46-049C-4886-9A4A-E46545B5714F}.Release|Any CPU.Build.0 = Release|Any CPU
	EndGlobalSection
	GlobalSection(SolutionProperties) = preSolution
		HideSolutionNode = FALSE
	EndGlobalSection
	GlobalSection(ExtensibilityGlobals) = postSolution
		SolutionGuid = {61C73507-8390-4AB7-A682-F2987F8A9F8B}
	EndGlobalSection
EndGlobal
